
Microsoft Visual Studio Solution File, Format Version 12.00
# Visual Studio Version 17
VisualStudioVersion = 17.13.35931.197
MinimumVisualStudioVersion = 10.0.40219.1
Project("{FAE04EC0-301F-11D3-BF4B-00C04F79EFBC}") = "01_ADO.NET_Intro_Connected_Mode", "01_ADO.NET_Intro_Connected_Mode\01_ADO.NET_Intro_Connected_Mode.csproj", "{D4AA94F9-F7DB-42E0-BF34-CA332F3F1558}"
EndProject
Project("{FAE04EC0-301F-11D3-BF4B-00C04F79EFBC}") = "02_CRUD_Interface", "02_CRUD_Interface\02_CRUD_Interface.csproj", "{28E748ED-3CE7-492B-B937-B8126E8AC195}"
EndProject
Project("{FAE04EC0-301F-11D3-BF4B-00C04F79EFBC}") = "03_SportShopUA", "03_SportShopUA\03_SportShopUA.csproj", "{53C36234-641E-422D-B202-E859DB21E6F9}"
EndProject
Project("{FAE04EC0-301F-11D3-BF4B-00C04F79EFBC}") = "03_data_access", "03_data_access\03_data_access.csproj", "{59B082F1-77CF-46EC-849F-E2976DA15A49}"
EndProject
Project("{FAE04EC0-301F-11D3-BF4B-00C04F79EFBC}") = "04_Remember_LINQ", "04_Remember_LINQ\04_Remember_LINQ.csproj", "{B5DDCD5D-58ED-4C53-824E-44BA9BADB071}"
EndProject
Project("{FAE04EC0-301F-11D3-BF4B-00C04F79EFBC}") = "05_Entity_Framework", "05_Entity_Framework\05_Entity_Framework.csproj", "{57F583EA-10BD-43ED-A11D-D0725261543F}"
EndProject
Global
	GlobalSection(SolutionConfigurationPlatforms) = preSolution
		Debug|Any CPU = Debug|Any CPU
		Release|Any CPU = Release|Any CPU
	EndGlobalSection
	GlobalSection(ProjectConfigurationPlatforms) = postSolution
		{D4AA94F9-F7DB-42E0-BF34-CA332F3F1558}.Debug|Any CPU.ActiveCfg = Debug|Any CPU
		{D4AA94F9-F7DB-42E0-BF34-CA332F3F1558}.Debug|Any CPU.Build.0 = Debug|Any CPU
		{D4AA94F9-F7DB-42E0-BF34-CA332F3F1558}.Release|Any CPU.ActiveCfg = Release|Any CPU
		{D4AA94F9-F7DB-42E0-BF34-CA332F3F1558}.Release|Any CPU.Build.0 = Release|Any CPU
		{28E748ED-3CE7-492B-B937-B8126E8AC195}.Debug|Any CPU.ActiveCfg = Debug|Any CPU
		{28E748ED-3CE7-492B-B937-B8126E8AC195}.Debug|Any CPU.Build.0 = Debug|Any CPU
		{28E748ED-3CE7-492B-B937-B8126E8AC195}.Release|Any CPU.ActiveCfg = Release|Any CPU
		{28E748ED-3CE7-492B-B937-B8126E8AC195}.Release|Any CPU.Build.0 = Release|Any CPU
		{53C36234-641E-422D-B202-E859DB21E6F9}.Debug|Any CPU.ActiveCfg = Debug|Any CPU
		{53C36234-641E-422D-B202-E859DB21E6F9}.Debug|Any CPU.Build.0 = Debug|Any CPU
		{53C36234-641E-422D-B202-E859DB21E6F9}.Release|Any CPU.ActiveCfg = Release|Any CPU
		{53C36234-641E-422D-B202-E859DB21E6F9}.Release|Any CPU.Build.0 = Release|Any CPU
		{59B082F1-77CF-46EC-849F-E2976DA15A49}.Debug|Any CPU.ActiveCfg = Debug|Any CPU
		{59B082F1-77CF-46EC-849F-E2976DA15A49}.Debug|Any CPU.Build.0 = Debug|Any CPU
		{59B082F1-77CF-46EC-849F-E2976DA15A49}.Release|Any CPU.ActiveCfg = Release|Any CPU
		{59B082F1-77CF-46EC-849F-E2976DA15A49}.Release|Any CPU.Build.0 = Release|Any CPU
		{B5DDCD5D-58ED-4C53-824E-44BA9BADB071}.Debug|Any CPU.ActiveCfg = Debug|Any CPU
		{B5DDCD5D-58ED-4C53-824E-44BA9BADB071}.Debug|Any CPU.Build.0 = Debug|Any CPU
		{B5DDCD5D-58ED-4C53-824E-44BA9BADB071}.Release|Any CPU.ActiveCfg = Release|Any CPU
		{B5DDCD5D-58ED-4C53-824E-44BA9BADB071}.Release|Any CPU.Build.0 = Release|Any CPU
		{57F583EA-10BD-43ED-A11D-D0725261543F}.Debug|Any CPU.ActiveCfg = Debug|Any CPU
		{57F583EA-10BD-43ED-A11D-D0725261543F}.Debug|Any CPU.Build.0 = Debug|Any CPU
		{57F583EA-10BD-43ED-A11D-D0725261543F}.Release|Any CPU.ActiveCfg = Release|Any CPU
		{57F583EA-10BD-43ED-A11D-D0725261543F}.Release|Any CPU.Build.0 = Release|Any CPU
	EndGlobalSection
	GlobalSection(SolutionProperties) = preSolution
		HideSolutionNode = FALSE
	EndGlobalSection
	GlobalSection(ExtensibilityGlobals) = postSolution
		SolutionGuid = {E6AE8B61-DE42-4CE9-B066-B5EE9927146B}
	EndGlobalSection
EndGlobal
